
Microsoft Visual Studio Solution File, Format Version 12.00
# Visual Studio Version 17
VisualStudioVersion = 17.14.36109.1 d17.14
MinimumVisualStudioVersion = 10.0.40219.1
Project("{8BC9CEB8-8B4A-11D0-8D11-00A0C91BC942}") = "Webserv", "Webserv\Webserv.vcxproj", "{0E0A02F1-9FAB-4265-A0CD-4FEF5872071B}"
	ProjectSection(ProjectDependencies) = postProject
		{34377BD9-8C1D-474D-8D74-BC6AFCC79061} = {34377BD9-8C1D-474D-8D74-BC6AFCC79061}
	EndProjectSection
EndProject
Project("{8BC9CEB8-8B4A-11D0-8D11-00A0C91BC942}") = "zlib", "zlib\zlib.vcxproj", "{34377BD9-8C1D-474D-8D74-BC6AFCC79061}"
EndProject
Global
	GlobalSection(SolutionConfigurationPlatforms) = preSolution
		Debug|x64 = Debug|x64
		Debug|x86 = Debug|x86
		Release|x64 = Release|x64
		Release|x86 = Release|x86
	EndGlobalSection
	GlobalSection(ProjectConfigurationPlatforms) = postSolution
		{0E0A02F1-9FAB-4265-A0CD-4FEF5872071B}.Debug|x64.ActiveCfg = Debug|x64
		{0E0A02F1-9FAB-4265-A0CD-4FEF5872071B}.Debug|x64.Build.0 = Debug|x64
		{0E0A02F1-9FAB-4265-A0CD-4FEF5872071B}.Debug|x86.ActiveCfg = Debug|Win32
		{0E0A02F1-9FAB-4265-A0CD-4FEF5872071B}.Debug|x86.Build.0 = Debug|Win32
		{0E0A02F1-9FAB-4265-A0CD-4FEF5872071B}.Release|x64.ActiveCfg = Release|x64
		{0E0A02F1-9FAB-4265-A0CD-4FEF5872071B}.Release|x64.Build.0 = Release|x64
		{0E0A02F1-9FAB-4265-A0CD-4FEF5872071B}.Release|x86.ActiveCfg = Release|Win32
		{0E0A02F1-9FAB-4265-A0CD-4FEF5872071B}.Release|x86.Build.0 = Release|Win32
		{34377BD9-8C1D-474D-8D74-BC6AFCC79061}.Debug|x64.ActiveCfg = Debug|x64
		{34377BD9-8C1D-474D-8D74-BC6AFCC79061}.Debug|x64.Build.0 = Debug|x64
		{34377BD9-8C1D-474D-8D74-BC6AFCC79061}.Debug|x86.ActiveCfg = Debug|Win32
		{34377BD9-8C1D-474D-8D74-BC6AFCC79061}.Debug|x86.Build.0 = Debug|Win32
		{34377BD9-8C1D-474D-8D74-BC6AFCC79061}.Release|x64.ActiveCfg = Release|x64
		{34377BD9-8C1D-474D-8D74-BC6AFCC79061}.Release|x64.Build.0 = Release|x64
		{34377BD9-8C1D-474D-8D74-BC6AFCC79061}.Release|x86.ActiveCfg = Release|Win32
		{34377BD9-8C1D-474D-8D74-BC6AFCC79061}.Release|x86.Build.0 = Release|Win32
	EndGlobalSection
	GlobalSection(SolutionProperties) = preSolution
		HideSolutionNode = FALSE
	EndGlobalSection
	GlobalSection(ExtensibilityGlobals) = postSolution
		SolutionGuid = {F3DDAB19-CFCC-489A-9519-4770CE29EAB6}
	EndGlobalSection
EndGlobal
